
Microsoft Visual Studio Solution File, Format Version 12.00
# Visual Studio Version 17
VisualStudioVersion = 17.11.35327.3
MinimumVisualStudioVersion = 10.0.40219.1
Project("{FAE04EC0-301F-11D3-BF4B-00C04F79EFBC}") = "Advanced C# Events", "Advanced C# Events.csproj", "{79C683E3-157F-444E-BAC8-DDDD6A39377F}"
EndProject
Global
	GlobalSection(SolutionConfigurationPlatforms) = preSolution
		Debug|Any CPU = Debug|Any CPU
		Release|Any CPU = Release|Any CPU
	EndGlobalSection
	GlobalSection(ProjectConfigurationPlatforms) = postSolution
		{79C683E3-157F-444E-BAC8-DDDD6A39377F}.Debug|Any CPU.ActiveCfg = Debug|Any CPU
		{79C683E3-157F-444E-BAC8-DDDD6A39377F}.Debug|Any CPU.Build.0 = Debug|Any CPU
		{79C683E3-157F-444E-BAC8-DDDD6A39377F}.Release|Any CPU.ActiveCfg = Release|Any CPU
		{79C683E3-157F-444E-BAC8-DDDD6A39377F}.Release|Any CPU.Build.0 = Release|Any CPU
	EndGlobalSection
	GlobalSection(SolutionProperties) = preSolution
		HideSolutionNode = FALSE
	EndGlobalSection
	GlobalSection(ExtensibilityGlobals) = postSolution
		SolutionGuid = {A2846579-B9FA-400B-9346-2A4F568EDDE0}
	EndGlobalSection
EndGlobal
